
Microsoft Visual Studio Solution File, Format Version 12.00
# Visual Studio 2012
Project("{FAE04EC0-301F-11D3-BF4B-00C04F79EFBC}") = "MovieHouse", "MovieHouse\MovieHouse.csproj", "{2E322154-9E9B-4DF3-BC75-4BA4218EE04F}"
EndProject
Project("{FAE04EC0-301F-11D3-BF4B-00C04F79EFBC}") = "MovieHouse.Tests", "MovieHouse.Tests\MovieHouse.Tests.csproj", "{EFE2D9AB-6C31-48C6-8954-292DD1129A9D}"
EndProject
Project("{FAE04EC0-301F-11D3-BF4B-00C04F79EFBC}") = "MovieHouseLogic", "MovieHouse.Logic\MovieHouseLogic.csproj", "{E2B617AD-F7AC-4198-9C03-45308934F83B}"
EndProject
Global
	GlobalSection(SolutionConfigurationPlatforms) = preSolution
		Debug|Any CPU = Debug|Any CPU
		Release|Any CPU = Release|Any CPU
	EndGlobalSection
	GlobalSection(ProjectConfigurationPlatforms) = postSolution
		{2E322154-9E9B-4DF3-BC75-4BA4218EE04F}.Debug|Any CPU.ActiveCfg = Debug|Any CPU
		{2E322154-9E9B-4DF3-BC75-4BA4218EE04F}.Debug|Any CPU.Build.0 = Debug|Any CPU
		{2E322154-9E9B-4DF3-BC75-4BA4218EE04F}.Release|Any CPU.ActiveCfg = Release|Any CPU
		{2E322154-9E9B-4DF3-BC75-4BA4218EE04F}.Release|Any CPU.Build.0 = Release|Any CPU
		{EFE2D9AB-6C31-48C6-8954-292DD1129A9D}.Debug|Any CPU.ActiveCfg = Debug|Any CPU
		{EFE2D9AB-6C31-48C6-8954-292DD1129A9D}.Debug|Any CPU.Build.0 = Debug|Any CPU
		{EFE2D9AB-6C31-48C6-8954-292DD1129A9D}.Release|Any CPU.ActiveCfg = Release|Any CPU
		{EFE2D9AB-6C31-48C6-8954-292DD1129A9D}.Release|Any CPU.Build.0 = Release|Any CPU
		{E2B617AD-F7AC-4198-9C03-45308934F83B}.Debug|Any CPU.ActiveCfg = Debug|Any CPU
		{E2B617AD-F7AC-4198-9C03-45308934F83B}.Debug|Any CPU.Build.0 = Debug|Any CPU
		{E2B617AD-F7AC-4198-9C03-45308934F83B}.Release|Any CPU.ActiveCfg = Release|Any CPU
		{E2B617AD-F7AC-4198-9C03-45308934F83B}.Release|Any CPU.Build.0 = Release|Any CPU
	EndGlobalSection
	GlobalSection(SolutionProperties) = preSolution
		HideSolutionNode = FALSE
	EndGlobalSection
EndGlobal
